
Microsoft Visual Studio Solution File, Format Version 12.00
# Visual Studio Version 17
VisualStudioVersion = 17.14.36915.13 d17.14
MinimumVisualStudioVersion = 10.0.40219.1
Project("{FAE04EC0-301F-11D3-BF4B-00C04F79EFBC}") = "JwtDemo", "JwtDemo\JwtDemo.csproj", "{B7DB6D02-07AD-4DB2-A3CA-C351BC4FC067}"
EndProject
Global
	GlobalSection(SolutionConfigurationPlatforms) = preSolution
		Debug|Any CPU = Debug|Any CPU
		Release|Any CPU = Release|Any CPU
	EndGlobalSection
	GlobalSection(ProjectConfigurationPlatforms) = postSolution
		{B7DB6D02-07AD-4DB2-A3CA-C351BC4FC067}.Debug|Any CPU.ActiveCfg = Debug|Any CPU
		{B7DB6D02-07AD-4DB2-A3CA-C351BC4FC067}.Debug|Any CPU.Build.0 = Debug|Any CPU
		{B7DB6D02-07AD-4DB2-A3CA-C351BC4FC067}.Release|Any CPU.ActiveCfg = Release|Any CPU
		{B7DB6D02-07AD-4DB2-A3CA-C351BC4FC067}.Release|Any CPU.Build.0 = Release|Any CPU
	EndGlobalSection
	GlobalSection(SolutionProperties) = preSolution
		HideSolutionNode = FALSE
	EndGlobalSection
	GlobalSection(ExtensibilityGlobals) = postSolution
		SolutionGuid = {A9C20F39-423F-40CE-9A1F-D91E49D54BCA}
	EndGlobalSection
EndGlobal
