
Microsoft Visual Studio Solution File, Format Version 12.00
# Visual Studio Version 17
VisualStudioVersion = 17.14.36915.13 d17.14
MinimumVisualStudioVersion = 10.0.40219.1
Project("{FAE04EC0-301F-11D3-BF4B-00C04F79EFBC}") = "AuthDemo", "AuthDemo\AuthDemo.csproj", "{DDA0313B-CFA0-49AE-B981-F42846169A0E}"
EndProject
Global
	GlobalSection(SolutionConfigurationPlatforms) = preSolution
		Debug|Any CPU = Debug|Any CPU
		Release|Any CPU = Release|Any CPU
	EndGlobalSection
	GlobalSection(ProjectConfigurationPlatforms) = postSolution
		{DDA0313B-CFA0-49AE-B981-F42846169A0E}.Debug|Any CPU.ActiveCfg = Debug|Any CPU
		{DDA0313B-CFA0-49AE-B981-F42846169A0E}.Debug|Any CPU.Build.0 = Debug|Any CPU
		{DDA0313B-CFA0-49AE-B981-F42846169A0E}.Release|Any CPU.ActiveCfg = Release|Any CPU
		{DDA0313B-CFA0-49AE-B981-F42846169A0E}.Release|Any CPU.Build.0 = Release|Any CPU
	EndGlobalSection
	GlobalSection(SolutionProperties) = preSolution
		HideSolutionNode = FALSE
	EndGlobalSection
	GlobalSection(ExtensibilityGlobals) = postSolution
		SolutionGuid = {582B6958-3B84-49AE-9CCC-0388D14F119C}
	EndGlobalSection
EndGlobal
